
Microsoft Visual Studio Solution File, Format Version 12.00
# Visual Studio Version 17
VisualStudioVersion = 17.10.35122.118
MinimumVisualStudioVersion = 10.0.40219.1
Project("{9A19103F-16F7-4668-BE54-9A1E7A4F7556}") = "TaskManagmetApi", "TaskManagmetApi.csproj", "{2D7928F5-38F6-4F8C-9823-90478006AD58}"
EndProject
Project("{2150E333-8FDC-42A3-9474-1A3956D46DE8}") = "DataLayer", "DataLayer", "{13CA5529-D9B2-4331-807E-D72F7EFBFC1E}"
EndProject
Project("{2150E333-8FDC-42A3-9474-1A3956D46DE8}") = "ServiceLayer", "ServiceLayer", "{5F225A22-F967-4A42-89D7-D05BE3AA098C}"
EndProject
Project("{2150E333-8FDC-42A3-9474-1A3956D46DE8}") = "APILayer", "APILayer", "{8D7F12A4-C0D9-41F2-81DB-A805163F9E36}"
EndProject
Project("{2150E333-8FDC-42A3-9474-1A3956D46DE8}") = "Test", "Test", "{69B2B919-9B54-4FB3-8297-5B9FAD98233D}"
EndProject
Project("{9A19103F-16F7-4668-BE54-9A1E7A4F7556}") = "TestTaskManage", "..\TestTaskManage\TestTaskManage.csproj", "{5F164385-F365-413D-920D-A6BED0063464}"
EndProject
Project("{9A19103F-16F7-4668-BE54-9A1E7A4F7556}") = "TaskBussines", "..\TaskService\TaskBussines.csproj", "{EF6ABA9A-D908-450E-8558-8D08A0CFA69A}"
EndProject
Project("{9A19103F-16F7-4668-BE54-9A1E7A4F7556}") = "TaskData", "..\TaskData\TaskData.csproj", "{C232354F-6F7A-48C7-BA2A-8674FED5CB29}"
EndProject
Global
	GlobalSection(SolutionConfigurationPlatforms) = preSolution
		Debug|Any CPU = Debug|Any CPU
		Release|Any CPU = Release|Any CPU
	EndGlobalSection
	GlobalSection(ProjectConfigurationPlatforms) = postSolution
		{2D7928F5-38F6-4F8C-9823-90478006AD58}.Debug|Any CPU.ActiveCfg = Debug|Any CPU
		{2D7928F5-38F6-4F8C-9823-90478006AD58}.Debug|Any CPU.Build.0 = Debug|Any CPU
		{2D7928F5-38F6-4F8C-9823-90478006AD58}.Release|Any CPU.ActiveCfg = Release|Any CPU
		{2D7928F5-38F6-4F8C-9823-90478006AD58}.Release|Any CPU.Build.0 = Release|Any CPU
		{5F164385-F365-413D-920D-A6BED0063464}.Debug|Any CPU.ActiveCfg = Debug|Any CPU
		{5F164385-F365-413D-920D-A6BED0063464}.Debug|Any CPU.Build.0 = Debug|Any CPU
		{5F164385-F365-413D-920D-A6BED0063464}.Release|Any CPU.ActiveCfg = Release|Any CPU
		{5F164385-F365-413D-920D-A6BED0063464}.Release|Any CPU.Build.0 = Release|Any CPU
		{EF6ABA9A-D908-450E-8558-8D08A0CFA69A}.Debug|Any CPU.ActiveCfg = Debug|Any CPU
		{EF6ABA9A-D908-450E-8558-8D08A0CFA69A}.Debug|Any CPU.Build.0 = Debug|Any CPU
		{EF6ABA9A-D908-450E-8558-8D08A0CFA69A}.Release|Any CPU.ActiveCfg = Release|Any CPU
		{EF6ABA9A-D908-450E-8558-8D08A0CFA69A}.Release|Any CPU.Build.0 = Release|Any CPU
		{C232354F-6F7A-48C7-BA2A-8674FED5CB29}.Debug|Any CPU.ActiveCfg = Debug|Any CPU
		{C232354F-6F7A-48C7-BA2A-8674FED5CB29}.Debug|Any CPU.Build.0 = Debug|Any CPU
		{C232354F-6F7A-48C7-BA2A-8674FED5CB29}.Release|Any CPU.ActiveCfg = Release|Any CPU
		{C232354F-6F7A-48C7-BA2A-8674FED5CB29}.Release|Any CPU.Build.0 = Release|Any CPU
	EndGlobalSection
	GlobalSection(SolutionProperties) = preSolution
		HideSolutionNode = FALSE
	EndGlobalSection
	GlobalSection(NestedProjects) = preSolution
		{2D7928F5-38F6-4F8C-9823-90478006AD58} = {8D7F12A4-C0D9-41F2-81DB-A805163F9E36}
		{5F164385-F365-413D-920D-A6BED0063464} = {69B2B919-9B54-4FB3-8297-5B9FAD98233D}
		{EF6ABA9A-D908-450E-8558-8D08A0CFA69A} = {5F225A22-F967-4A42-89D7-D05BE3AA098C}
		{C232354F-6F7A-48C7-BA2A-8674FED5CB29} = {13CA5529-D9B2-4331-807E-D72F7EFBFC1E}
	EndGlobalSection
	GlobalSection(ExtensibilityGlobals) = postSolution
		SolutionGuid = {95FAEBAA-C1BF-4FB9-992A-905DA3FB7D87}
	EndGlobalSection
EndGlobal
